# THIS IS AN AUTOGENERATED FILE. DO NOT EDIT THIS FILE DIRECTLY.
# yarn lockfile v1


"@supersoccer/path@^1.0.1":
  version "1.0.1"
  resolved "https://registry.yarnpkg.com/@supersoccer/path/-/path-1.0.1.tgz#55378f4c3f017c6f54030a5893d25cd40beb4a7d"

"@supersoccer/template@^1.0.0":
  version "1.0.0"
  resolved "https://registry.yarnpkg.com/@supersoccer/template/-/template-1.0.0.tgz#8633de3b038c408727449469bdc7d023d8ab978f"
  dependencies:
    "@supersoccer/path" "^1.0.1"
